{
  "name": "@tidy/mobile",
  "version": "1.0.0",
  "lockfileVersion": 3,
  "requires": true,
  "packages": {
    "": {
      "name": "@tidy/mobile",
      "version": "1.0.0",
      "dependencies": {
        "@capacitor-community/sqlite": "^6.0.0",
        "@capacitor/android": "^8.3.4",
        "@capacitor/app": "^7.0.0",
        "@capacitor/camera": "^7.0.0",
        "@capacitor/cli": "^7.0.0",
        "@capacitor/core": "^8.3.4",
        "@capacitor/filesystem": "^7.0.0",
        "@capacitor/ios": "^8.3.4",
        "@capacitor/network": "^7.0.0",
        "@capacitor/share": "^7.0.0",
        "@pinia/nuxt": "^0.9.0",
        "@vueuse/core": "^12.0.0",
        "@vueuse/nuxt": "^12.0.0",
        "capacitor-secure-storage-plugin": "^0.11.0",
        "nuxt": "^4.0.0",
        "pinia": "^2.3.0",
        "vue": "^3.5.0"
      },
      "devDependencies": {
        "@nuxt/eslint": "^1.0.0",
        "@nuxt/test-utils": "^3.23.0",
        "@nuxtjs/tailwindcss": "^6.12.0",
        "@pinia/testing": "^1.0.3",
        "@types/node": "^22.0.0",
        "@vue/test-utils": "^2.4.5",
        "eslint": "^9.0.0",
        "happy-dom": "^20.8.8",
        "prettier": "^3.2.5",
        "tailwindcss": "^3.4.0",
        "typescript": "^5.4.5",
        "vitest": "^3.2.0",
        "vue-tsc": "^2.0.0"
      }
    },
    "../node_modules/.pnpm/@capacitor-community+sqlite@6.0.2_@capacitor+core@7.6.1/node_modules/@capacitor-community/sqlite": {
      "version": "6.0.2",
      "license": "MIT",
      "dependencies": {
        "jeep-sqlite": "^2.7.2"
      },
      "devDependencies": {
        "@capacitor/android": "6.0.0",
        "@capacitor/cli": "6.0.0",
        "@capacitor/core": "6.0.0",
        "@capacitor/docgen": "0.0.17",
        "@capacitor/ios": "6.0.0",
        "@ionic/eslint-config": "0.4.0",
        "@ionic/prettier-config": "2.0.0",
        "@ionic/swiftlint-config": "1.1.2",
        "@rollup/plugin-commonjs": "20.0.0",
        "@rollup/plugin-node-resolve": "13.0.4",
        "eslint": "8.57.0",
        "prettier": "2.6.2",
        "prettier-plugin-java": "1.6.1",
        "rimraf": "3.0.2",
        "rollup": "2.77.2",
        "standard-version": "9.5.0",
        "swiftlint": "1.0.1",
        "typescript": "4.6.4"
      },
      "engines": {
        "node": ">=16.0.0"
      },
      "peerDependencies": {
        "@capacitor/core": "^6.0.0"
      }
    },
    "../node_modules/.pnpm/@capacitor+android@8.3.4_@capacitor+core@7.6.1/node_modules/@capacitor/android": {
      "version": "8.3.4",
      "license": "MIT",
      "peerDependencies": {
        "@capacitor/core": "^8.3.0"
      }
    },
    "../node_modules/.pnpm/@capacitor+app@7.1.2_@capacitor+core@7.6.1/node_modules/@capacitor/app": {
      "version": "7.1.2",
      "license": "MIT",
      "devDependencies": {
        "@capacitor/android": "^7.0.0",
        "@capacitor/cli": "^7.0.0",
        "@capacitor/core": "^7.0.0",
        "@capacitor/docgen": "0.2.2",
        "@capacitor/ios": "^7.0.0",
        "@ionic/eslint-config": "^0.4.0",
        "@ionic/prettier-config": "~1.0.1",
        "@ionic/swiftlint-config": "^1.1.2",
        "eslint": "^8.57.0",
        "prettier": "~2.3.0",
        "prettier-plugin-java": "~1.0.2",
        "rimraf": "^6.0.1",
        "rollup": "^4.26.0",
        "swiftlint": "^1.0.1",
        "typescript": "~4.1.5"
      },
      "peerDependencies": {
        "@capacitor/core": ">=7.0.0"
      }
    },
    "../node_modules/.pnpm/@capacitor+camera@7.0.5_@capacitor+core@7.6.1/node_modules/@capacitor/camera": {
      "version": "7.0.5",
      "license": "MIT",
      "devDependencies": {
        "@capacitor/android": "^7.0.0",
        "@capacitor/core": "^7.0.0",
        "@capacitor/docgen": "0.2.2",
        "@capacitor/ios": "^7.0.0",
        "@ionic/eslint-config": "^0.4.0",
        "@ionic/prettier-config": "~1.0.1",
        "@ionic/swiftlint-config": "^1.1.2",
        "eslint": "^8.57.0",
        "prettier": "~2.3.0",
        "prettier-plugin-java": "~1.0.2",
        "rimraf": "^6.0.1",
        "rollup": "^4.26.0",
        "swiftlint": "^1.0.1",
        "typescript": "~4.1.5"
      },
      "peerDependencies": {
        "@capacitor/core": ">=7.0.0"
      }
    },
    "../node_modules/.pnpm/@capacitor+cli@7.6.1/node_modules/@capacitor/cli": {
      "version": "7.6.1",
      "license": "MIT",
      "dependencies": {
        "@ionic/cli-framework-output": "^2.2.8",
        "@ionic/utils-subprocess": "^3.0.1",
        "@ionic/utils-terminal": "^2.3.5",
        "commander": "^12.1.0",
        "debug": "^4.4.0",
        "env-paths": "^2.2.0",
        "fs-extra": "^11.2.0",
        "kleur": "^4.1.5",
        "native-run": "^2.0.3",
        "open": "^8.4.0",
        "plist": "^3.1.0",
        "prompts": "^2.4.2",
        "rimraf": "^6.0.1",
        "semver": "^7.6.3",
        "tar": "^7.5.3",
        "tslib": "^2.8.1",
        "xml2js": "^0.6.2"
      },
      "bin": {
        "cap": "bin/capacitor",
        "capacitor": "bin/capacitor"
      },
      "devDependencies": {
        "@types/debug": "^4.1.12",
        "@types/fs-extra": "^11.0.4",
        "@types/jest": "^29.5.14",
        "@types/plist": "^3.0.5",
        "@types/prompts": "^2.4.9",
        "@types/semver": "^7.5.8",
        "@types/tmp": "^0.2.6",
        "@types/xml2js": "0.4.5",
        "jest": "^29.7.0",
        "jest-environment-jsdom": "^29.7.0",
        "jest-jasmine2": "^29.7.0",
        "tmp": "^0.2.3",
        "ts-jest": "^29.0.5",
        "typescript": "~5.0.2"
      },
      "engines": {
        "node": ">=20.0.0"
      }
    },
    "../node_modules/.pnpm/@capacitor+filesystem@7.1.8_@capacitor+core@7.6.1/node_modules/@capacitor/filesystem": {
      "version": "7.1.8",
      "license": "MIT",
      "dependencies": {
        "@capacitor/synapse": "^1.0.3"
      },
      "devDependencies": {
        "@capacitor/android": "7.0.1",
        "@capacitor/core": "7.0.1",
        "@capacitor/docgen": "^0.2.2",
        "@capacitor/ios": "7.0.1",
        "@ionic/eslint-config": "^0.4.0",
        "@ionic/prettier-config": "^4.0.0",
        "@ionic/swiftlint-config": "^2.0.0",
        "@semantic-release/changelog": "^6.0.3",
        "@semantic-release/exec": "^7.1.0",
        "@semantic-release/git": "^10.0.1",
        "@semantic-release/github": "^12.0.0",
        "@semantic-release/npm": "^13.1.1",
        "@types/node": "^20.14.8",
        "eslint": "^8.57.0",
        "prettier": "^3.3.3",
        "prettier-plugin-java": "^2.6.4",
        "rimraf": "^6.0.1",
        "rollup": "^2.78.1",
        "semantic-release": "^25.0.1",
        "swiftlint": "^2.0.0",
        "typescript": "~5.4.5"
      },
      "peerDependencies": {
        "@capacitor/core": ">=7.0.0"
      }
    },
    "../node_modules/.pnpm/@capacitor+ios@8.3.4_@capacitor+core@7.6.1/node_modules/@capacitor/ios": {
      "version": "8.3.4",
      "license": "MIT",
      "peerDependencies": {
        "@capacitor/core": "^8.3.0"
      }
    },
    "../node_modules/.pnpm/@capacitor+network@7.0.4_@capacitor+core@7.6.1/node_modules/@capacitor/network": {
      "version": "7.0.4",
      "license": "MIT",
      "devDependencies": {
        "@capacitor/android": "^7.0.0",
        "@capacitor/core": "^7.0.0",
        "@capacitor/docgen": "0.2.2",
        "@capacitor/ios": "^7.0.0",
        "@ionic/eslint-config": "^0.4.0",
        "@ionic/prettier-config": "~1.0.1",
        "@ionic/swiftlint-config": "^1.1.2",
        "eslint": "^8.57.0",
        "prettier": "~2.3.0",
        "prettier-plugin-java": "~1.0.2",
        "rimraf": "^6.0.1",
        "rollup": "^4.26.0",
        "swiftlint": "^1.0.1",
        "typescript": "~4.1.5"
      },
      "peerDependencies": {
        "@capacitor/core": ">=7.0.0"
      }
    },
    "../node_modules/.pnpm/@capacitor+share@7.0.4_@capacitor+core@7.6.1/node_modules/@capacitor/share": {
      "version": "7.0.4",
      "license": "MIT",
      "devDependencies": {
        "@capacitor/android": "^7.0.0",
        "@capacitor/core": "^7.0.0",
        "@capacitor/docgen": "0.2.2",
        "@capacitor/ios": "^7.0.0",
        "@ionic/eslint-config": "^0.4.0",
        "@ionic/prettier-config": "~1.0.1",
        "@ionic/swiftlint-config": "^1.1.2",
        "eslint": "^8.57.0",
        "prettier": "~2.3.0",
        "prettier-plugin-java": "~1.0.2",
        "rimraf": "^6.0.1",
        "rollup": "^4.26.0",
        "swiftlint": "^1.0.1",
        "typescript": "~4.1.5"
      },
      "peerDependencies": {
        "@capacitor/core": ">=7.0.0"
      }
    },
    "../node_modules/.pnpm/@nuxt+eslint@1.15.2_@typescript-eslint+utils@8.57.2_eslint@9.39.4_jiti@2.6.1__typescript@5.9._7zj5smam4pzma5qkgjmmebzgjm/node_modules/@nuxt/eslint": {
      "version": "1.15.2",
      "dev": true,
      "license": "MIT",
      "dependencies": {
        "@eslint/config-inspector": "^1.4.2",
        "@nuxt/devtools-kit": "^3.2.1",
        "@nuxt/eslint-config": "1.15.2",
        "@nuxt/eslint-plugin": "1.15.2",
        "@nuxt/kit": "^4.3.1",
        "chokidar": "^5.0.0",
        "eslint-flat-config-utils": "^3.0.1",
        "eslint-typegen": "^2.3.1",
        "find-up": "^8.0.0",
        "get-port-please": "^3.2.0",
        "mlly": "^1.8.0",
        "pathe": "^2.0.3",
        "unimport": "^5.6.0"
      },
      "devDependencies": {
        "@nuxt/module-builder": "^1.0.2",
        "@nuxt/schema": "^4.3.1",
        "@typescript-eslint/scope-manager": "^8.56.1",
        "eslint-webpack-plugin": "^5.0.2",
        "nuxt": "^4.3.1",
        "vite-plugin-eslint2": "^5.0.5"
      },
      "peerDependencies": {
        "eslint": "^9.0.0 || ^10.0.0",
        "eslint-webpack-plugin": "^4.1.0",
        "vite-plugin-eslint2": "^5.0.0"
      },
      "peerDependenciesMeta": {
        "eslint-webpack-plugin": {
          "optional": true
        },
        "vite-plugin-eslint2": {
          "optional": true
        }
      }
    },
    "../node_modules/.pnpm/@nuxt+test-utils@3.23.0_@vue+test-utils@2.4.6_happy-dom@20.8.8_magicast@0.5.2_typescript@5.9._56qr7ahlh6htqrjyk66pbswkbm/node_modules/@nuxt/test-utils": {
      "version": "3.23.0",
      "dev": true,
      "license": "MIT",
      "dependencies": {
        "@clack/prompts": "1.0.0-alpha.9",
        "@nuxt/kit": "^3.20.2",
        "c12": "^3.3.3",
        "consola": "^3.4.2",
        "defu": "^6.1.4",
        "destr": "^2.0.5",
        "estree-walker": "^3.0.3",
        "exsolve": "^1.0.8",
        "fake-indexeddb": "^6.2.5",
        "get-port-please": "^3.2.0",
        "h3": "^1.15.4",
        "h3-next": "npm:h3@^2.0.1-rc.7",
        "local-pkg": "^1.1.2",
        "magic-string": "^0.30.21",
        "node-fetch-native": "^1.6.7",
        "node-mock-http": "^1.0.4",
        "nypm": "^0.6.2",
        "ofetch": "^1.5.1",
        "pathe": "^2.0.3",
        "perfect-debounce": "^2.0.0",
        "radix3": "^1.1.2",
        "scule": "^1.3.0",
        "std-env": "^3.10.0",
        "tinyexec": "^1.0.2",
        "ufo": "^1.6.1",
        "unplugin": "^2.3.11",
        "vitest-environment-nuxt": "^1.0.1",
        "vue": "^3.5.26"
      },
      "devDependencies": {
        "@cucumber/cucumber": "12.5.0",
        "@jest/globals": "30.2.0",
        "@nuxt/devtools-kit": "2.7.0",
        "@nuxt/eslint-config": "1.12.1",
        "@nuxt/schema": "4.2.2",
        "@playwright/test": "1.57.0",
        "@testing-library/vue": "8.1.0",
        "@types/bun": "1.3.5",
        "@types/estree": "1.0.8",
        "@types/jsdom": "27.0.0",
        "@types/node": "latest",
        "@types/semver": "7.7.1",
        "@vitest/browser-playwright": "4.0.16",
        "@vue/test-utils": "2.4.6",
        "changelogen": "0.6.2",
        "compatx": "0.2.0",
        "eslint": "9.39.2",
        "installed-check": "9.3.0",
        "knip": "5.80.0",
        "nitropack": "2.12.9",
        "nuxt": "4.2.2",
        "oxc-parser": "^0.107.0",
        "pkg-pr-new": "0.0.62",
        "playwright-core": "1.57.0",
        "rollup": "4.55.1",
        "semver": "7.7.3",
        "typescript": "5.9.3",
        "unbuild": "latest",
        "unimport": "5.6.0",
        "vite": "7.3.0",
        "vitest": "3.2.4",
        "vue-router": "4.6.4",
        "vue-tsc": "3.2.2"
      },
      "engines": {
        "node": "^20.11.1 || ^22.0.0 || >=24.0.0"
      },
      "peerDependencies": {
        "@cucumber/cucumber": "^10.3.1 || >=11.0.0",
        "@jest/globals": "^29.5.0 || >=30.0.0",
        "@playwright/test": "^1.43.1",
        "@testing-library/vue": "^7.0.0 || ^8.0.1",
        "@vue/test-utils": "^2.4.2",
        "happy-dom": "*",
        "jsdom": "*",
        "playwright-core": "^1.43.1",
        "vitest": "^3.2.0"
      },
      "peerDependenciesMeta": {
        "@cucumber/cucumber": {
          "optional": true
        },
        "@jest/globals": {
          "optional": true
        },
        "@playwright/test": {
          "optional": true
        },
        "@testing-library/vue": {
          "optional": true
        },
        "@vitest/ui": {
          "optional": true
        },
        "@vue/test-utils": {
          "optional": true
        },
        "happy-dom": {
          "optional": true
        },
        "jsdom": {
          "optional": true
        },
        "playwright-core": {
          "optional": true
        },
        "vitest": {
          "optional": true
        }
      }
    },
    "../node_modules/.pnpm/@nuxtjs+tailwindcss@6.14.0_magicast@0.5.2_tsx@4.21.0_yaml@2.8.3/node_modules/@nuxtjs/tailwindcss": {
      "version": "6.14.0",
      "dev": true,
      "license": "MIT",
      "dependencies": {
        "@nuxt/kit": "^3.16.0",
        "autoprefixer": "^10.4.20",
        "c12": "^3.0.2",
        "consola": "^3.4.0",
        "defu": "^6.1.4",
        "h3": "^1.15.1",
        "klona": "^2.0.6",
        "ohash": "^2.0.11",
        "pathe": "^2.0.3",
        "pkg-types": "^2.1.0",
        "postcss": "^8.5.3",
        "postcss-nesting": "^13.0.1",
        "tailwind-config-viewer": "^2.0.4",
        "tailwindcss": "~3.4.17",
        "ufo": "^1.5.4",
        "unctx": "^2.4.1"
      },
      "devDependencies": {
        "@fontsource/inter": "^5.2.5",
        "@nuxt/content": "^2.13.4",
        "@nuxt/devtools": "^2.2.1",
        "@nuxt/eslint-config": "^0.7.6",
        "@nuxt/module-builder": "^0.8.4",
        "@nuxt/test-utils": "^3.17.1",
        "@tailwindcss/typography": "^0.5.16",
        "changelogen": "^0.5.7",
        "destr": "^2.0.3",
        "eslint": "^9.21.0",
        "happy-dom": "^16.8.1",
        "nuxt": "^3.16.0",
        "typescript": "5.6.3",
        "vitest": "^3.0.8",
        "vue-tsc": "^2.2.8"
      }
    },
    "../node_modules/.pnpm/@pinia+nuxt@0.9.0_magicast@0.5.2_pinia@2.3.1_typescript@5.9.3_vue@3.5.31_typescript@5.9.3__/node_modules/@pinia/nuxt": {
      "version": "0.9.0",
      "license": "MIT",
      "dependencies": {
        "@nuxt/kit": "^3.9.0"
      },
      "devDependencies": {
        "@nuxt/module-builder": "^0.8.4",
        "@nuxt/schema": "^3.9.0",
        "@nuxt/test-utils": "^3.14.4",
        "nuxt": "^3.14.1592",
        "pinia": "^2.3.0",
        "typescript": "^5.6.3",
        "vue-tsc": "^2.1.10"
      },
      "funding": {
        "url": "https://github.com/sponsors/posva"
      },
      "peerDependencies": {
        "pinia": "^2.3.0"
      }
    },
    "../node_modules/.pnpm/@pinia+testing@1.0.3_pinia@2.3.1_typescript@5.9.3_vue@3.5.31_typescript@5.9.3__/node_modules/@pinia/testing": {
      "version": "1.0.3",
      "dev": true,
      "license": "MIT",
      "devDependencies": {
        "pinia": "3.0.4",
        "tsup": "^8.5.0"
      },
      "funding": {
        "url": "https://github.com/sponsors/posva"
      },
      "peerDependencies": {
        "pinia": ">=3.0.4"
      }
    },
    "../node_modules/.pnpm/@types+node@22.19.15/node_modules/@types/node": {
      "version": "22.19.15",
      "dev": true,
      "license": "MIT",
      "dependencies": {
        "undici-types": "~6.21.0"
      }
    },
    "../node_modules/.pnpm/@vue+test-utils@2.4.6/node_modules/@vue/test-utils": {
      "version": "2.4.6",
      "dev": true,
      "license": "MIT",
      "dependencies": {
        "js-beautify": "^1.14.9",
        "vue-component-type-helpers": "^2.0.0"
      },
      "devDependencies": {
        "@rollup/plugin-commonjs": "25.0.7",
        "@rollup/plugin-json": "6.1.0",
        "@rollup/plugin-node-resolve": "15.2.3",
        "@rollup/plugin-replace": "5.0.5",
        "@rollup/plugin-typescript": "11.1.6",
        "@types/js-beautify": "1.14.3",
        "@types/node": "20.12.8",
        "@typescript-eslint/eslint-plugin": "7.8.0",
        "@typescript-eslint/parser": "7.8.0",
        "@vitejs/plugin-vue": "5.0.4",
        "@vitejs/plugin-vue-jsx": "3.1.0",
        "@vitest/coverage-v8": "1.5.3",
        "@vue/compat": "3.4.26",
        "@vue/compiler-dom": "3.4.26",
        "@vue/compiler-sfc": "3.4.26",
        "@vue/server-renderer": "3.4.26",
        "eslint": "8.57.0",
        "eslint-config-prettier": "9.1.0",
        "eslint-plugin-prettier": "5.1.3",
        "husky": "9.0.11",
        "jsdom": "24.0.0",
        "jsdom-global": "3.0.2",
        "lint-staged": "15.2.2",
        "prettier": "3.2.5",
        "reflect-metadata": "0.2.2",
        "rollup": "4.17.2",
        "tslib": "2.6.2",
        "typescript": "5.4.5",
        "unplugin-vue-components": "0.27.0",
        "vite": "5.2.10",
        "vitepress": "1.1.4",
        "vitepress-translation-helper": "0.2.1",
        "vitest": "1.5.3",
        "vue": "3.4.26",
        "vue-class-component": "8.0.0-rc.1",
        "vue-router": "4.3.2",
        "vue-tsc": "2.0.16",
        "vuex": "4.1.0"
      }
    },
    "../node_modules/.pnpm/@vueuse+core@12.8.2_typescript@5.9.3/node_modules/@vueuse/core": {
      "version": "12.8.2",
      "license": "MIT",
      "dependencies": {
        "@types/web-bluetooth": "^0.0.21",
        "@vueuse/metadata": "12.8.2",
        "@vueuse/shared": "12.8.2",
        "vue": "^3.5.13"
      },
      "funding": {
        "url": "https://github.com/sponsors/antfu"
      }
    },
    "../node_modules/.pnpm/@vueuse+nuxt@12.8.2_magicast@0.5.2_nuxt@4.4.2_@babel+core@7.29.0_@babel+plugin-syntax-jsx@7.2_nwfyomkrgc4ivxyttnx6ebs4y4/node_modules/@vueuse/nuxt": {
      "version": "12.8.2",
      "license": "MIT",
      "dependencies": {
        "@nuxt/kit": "^3.15.4",
        "@vueuse/core": "12.8.2",
        "@vueuse/metadata": "12.8.2",
        "local-pkg": "^1.1.1",
        "vue": "^3.5.13"
      },
      "devDependencies": {
        "@nuxt/schema": "^3.15.4",
        "nuxt": "^3.15.4",
        "unimport": "^4.1.2"
      },
      "funding": {
        "url": "https://github.com/sponsors/antfu"
      },
      "peerDependencies": {
        "nuxt": "^3.0.0 || ^4.0.0-0"
      }
    },
    "../node_modules/.pnpm/capacitor-secure-storage-plugin@0.11.0_@capacitor+core@7.6.1/node_modules/capacitor-secure-storage-plugin": {
      "version": "0.11.0",
      "license": "MIT",
      "devDependencies": {
        "@capacitor/android": "^7.0.0",
        "@capacitor/cli": "^7.0.0",
        "@capacitor/core": "^7.0.0",
        "@capacitor/docgen": "^0.3.0",
        "@capacitor/ios": "^7.0.0",
        "@ionic/eslint-config": "^0.4.0",
        "@ionic/prettier-config": "^4.0.0",
        "@ionic/swiftlint-config": "^2.0.0",
        "eslint": "^8.57.0",
        "prettier": "^3.4.2",
        "prettier-plugin-java": "^2.6.6",
        "release-it": "^17.2.1",
        "rimraf": "^6.0.1",
        "rollup": "^4.30.1",
        "swiftlint": "^2.0.0",
        "typescript": "~4.0.3"
      },
      "peerDependencies": {
        "@capacitor/core": ">=7.0.0"
      }
    },
    "../node_modules/.pnpm/eslint@9.39.4_jiti@2.6.1/node_modules/eslint": {
      "version": "9.39.4",
      "dev": true,
      "license": "MIT",
      "dependencies": {
        "@eslint-community/eslint-utils": "^4.8.0",
        "@eslint-community/regexpp": "^4.12.1",
        "@eslint/config-array": "^0.21.2",
        "@eslint/config-helpers": "^0.4.2",
        "@eslint/core": "^0.17.0",
        "@eslint/eslintrc": "^3.3.5",
        "@eslint/js": "9.39.4",
        "@eslint/plugin-kit": "^0.4.1",
        "@humanfs/node": "^0.16.6",
        "@humanwhocodes/module-importer": "^1.0.1",
        "@humanwhocodes/retry": "^0.4.2",
        "@types/estree": "^1.0.6",
        "ajv": "^6.14.0",
        "chalk": "^4.0.0",
        "cross-spawn": "^7.0.6",
        "debug": "^4.3.2",
        "escape-string-regexp": "^4.0.0",
        "eslint-scope": "^8.4.0",
        "eslint-visitor-keys": "^4.2.1",
        "espree": "^10.4.0",
        "esquery": "^1.5.0",
        "esutils": "^2.0.2",
        "fast-deep-equal": "^3.1.3",
        "file-entry-cache": "^8.0.0",
        "find-up": "^5.0.0",
        "glob-parent": "^6.0.2",
        "ignore": "^5.2.0",
        "imurmurhash": "^0.1.4",
        "is-glob": "^4.0.0",
        "json-stable-stringify-without-jsonify": "^1.0.1",
        "lodash.merge": "^4.6.2",
        "minimatch": "^3.1.5",
        "natural-compare": "^1.4.0",
        "optionator": "^0.9.3"
      },
      "bin": {
        "eslint": "bin/eslint.js"
      },
      "devDependencies": {
        "@arethetypeswrong/cli": "^0.18.0",
        "@babel/core": "^7.4.3",
        "@babel/preset-env": "^7.4.3",
        "@cypress/webpack-preprocessor": "^6.0.2",
        "@eslint/json": "^0.13.2",
        "@trunkio/launcher": "^1.3.4",
        "@types/esquery": "^1.5.4",
        "@types/node": "^22.13.14",
        "@typescript-eslint/parser": "^8.4.0",
        "babel-loader": "^8.0.5",
        "c8": "^7.12.0",
        "chai": "^4.0.1",
        "cheerio": "^0.22.0",
        "common-tags": "^1.8.0",
        "core-js": "^3.1.3",
        "cypress": "^14.1.0",
        "ejs": "^3.0.2",
        "eslint": "file:.",
        "eslint-config-eslint": "file:packages/eslint-config-eslint",
        "eslint-plugin-eslint-plugin": "^6.0.0",
        "eslint-plugin-expect-type": "^0.6.0",
        "eslint-plugin-yml": "^1.14.0",
        "eslint-release": "^3.3.0",
        "eslint-rule-composer": "^0.3.0",
        "eslump": "^3.0.0",
        "esprima": "^4.0.1",
        "fast-glob": "^3.2.11",
        "fs-teardown": "^0.1.3",
        "glob": "^10.0.0",
        "globals": "^16.2.0",
        "got": "^11.8.3",
        "gray-matter": "^4.0.3",
        "jiti": "^2.6.1",
        "jiti-v2.0": "npm:jiti@2.0.x",
        "jiti-v2.1": "npm:jiti@2.1.x",
        "knip": "^5.60.2",
        "lint-staged": "^11.0.0",
        "markdown-it": "^12.2.0",
        "markdown-it-container": "^3.0.0",
        "marked": "^4.0.8",
        "metascraper": "^5.25.7",
        "metascraper-description": "^5.25.7",
        "metascraper-image": "^5.29.3",
        "metascraper-logo": "^5.25.7",
        "metascraper-logo-favicon": "^5.25.7",
        "metascraper-title": "^5.25.7",
        "mocha": "^11.7.1",
        "node-polyfill-webpack-plugin": "^1.0.3",
        "npm-license": "^0.3.3",
        "pirates": "^4.0.5",
        "progress": "^2.0.3",
        "proxyquire": "^2.0.1",
        "recast": "^0.23.0",
        "regenerator-runtime": "^0.14.0",
        "semver": "^7.5.3",
        "shelljs": "^0.10.0",
        "sinon": "^11.0.0",
        "typescript": "^5.3.3",
        "webpack": "^5.23.0",
        "webpack-cli": "^4.5.0",
        "yorkie": "^2.0.0"
      },
      "engines": {
        "node": "^18.18.0 || ^20.9.0 || >=21.1.0"
      },
      "funding": {
        "url": "https://eslint.org/donate"
      },
      "peerDependencies": {
        "jiti": "*"
      },
      "peerDependenciesMeta": {
        "jiti": {
          "optional": true
        }
      }
    },
    "../node_modules/.pnpm/happy-dom@20.8.8/node_modules/happy-dom": {
      "version": "20.8.8",
      "dev": true,
      "license": "MIT",
      "dependencies": {
        "@types/node": ">=20.0.0",
        "@types/whatwg-mimetype": "^3.0.2",
        "@types/ws": "^8.18.1",
        "entities": "^7.0.1",
        "whatwg-mimetype": "^3.0.0",
        "ws": "^8.18.3"
      },
      "devDependencies": {
        "@vitest/ui": "^4.0.16",
        "@webref/css": "6.6.2",
        "madge": "^8.0.0",
        "typescript": "^5.8.3",
        "vitest": "^4.0.16"
      },
      "engines": {
        "node": ">=20.0.0"
      }
    },
    "../node_modules/.pnpm/nuxt@4.4.2_@babel+core@7.29.0_@babel+plugin-syntax-jsx@7.28.6_@babel+core@7.29.0__@parcel+wat_celoyclq2jrlzcds7icifkmajm/node_modules/nuxt": {
      "version": "4.4.2",
      "license": "MIT",
      "dependencies": {
        "@dxup/nuxt": "^0.4.0",
        "@nuxt/cli": "^3.34.0",
        "@nuxt/devtools": "^3.2.3",
        "@nuxt/kit": "4.4.2",
        "@nuxt/nitro-server": "4.4.2",
        "@nuxt/schema": "4.4.2",
        "@nuxt/telemetry": "^2.7.0",
        "@nuxt/vite-builder": "4.4.2",
        "@unhead/vue": "^2.1.12",
        "@vue/shared": "^3.5.30",
        "c12": "^3.3.3",
        "chokidar": "^5.0.0",
        "compatx": "^0.2.0",
        "consola": "^3.4.2",
        "cookie-es": "^2.0.0",
        "defu": "^6.1.4",
        "devalue": "^5.6.3",
        "errx": "^0.1.0",
        "escape-string-regexp": "^5.0.0",
        "exsolve": "^1.0.8",
        "hookable": "^6.0.1",
        "ignore": "^7.0.5",
        "impound": "^1.1.5",
        "jiti": "^2.6.1",
        "klona": "^2.0.6",
        "knitwork": "^1.3.0",
        "magic-string": "^0.30.21",
        "mlly": "^1.8.1",
        "nanotar": "^0.3.0",
        "nypm": "^0.6.5",
        "ofetch": "^1.5.1",
        "ohash": "^2.0.11",
        "on-change": "^6.0.2",
        "oxc-minify": "^0.117.0",
        "oxc-parser": "^0.117.0",
        "oxc-transform": "^0.117.0",
        "oxc-walker": "^0.7.0",
        "pathe": "^2.0.3",
        "perfect-debounce": "^2.1.0",
        "picomatch": "^4.0.3",
        "pkg-types": "^2.3.0",
        "rou3": "^0.8.1",
        "scule": "^1.3.0",
        "semver": "^7.7.4",
        "std-env": "^4.0.0",
        "tinyglobby": "^0.2.15",
        "ufo": "^1.6.3",
        "ultrahtml": "^1.6.0",
        "uncrypto": "^0.1.3",
        "unctx": "^2.5.0",
        "unimport": "^6.0.1",
        "unplugin": "^3.0.0",
        "unrouting": "^0.1.5",
        "untyped": "^2.0.0",
        "vue": "^3.5.30",
        "vue-router": "^5.0.3"
      },
      "bin": {
        "nuxi": "bin/nuxt.mjs",
        "nuxt": "bin/nuxt.mjs"
      },
      "devDependencies": {
        "@nuxt/scripts": "0.13.2",
        "@parcel/watcher": "2.5.6",
        "@types/estree": "1.0.8",
        "@types/picomatch": "4.0.2",
        "@vitejs/plugin-vue": "6.0.4",
        "@vitejs/plugin-vue-jsx": "5.1.4",
        "@vue/compiler-sfc": "3.5.30",
        "unbuild": "3.6.1",
        "vite": "7.3.1",
        "vitest": "4.0.18",
        "vue-bundle-renderer": "2.2.0",
        "vue-sfc-transformer": "0.1.17"
      },
      "engines": {
        "node": "^20.19.0 || >=22.12.0"
      },
      "peerDependencies": {
        "@parcel/watcher": "^2.1.0",
        "@types/node": ">=18.12.0"
      },
      "peerDependenciesMeta": {
        "@parcel/watcher": {
          "optional": true
        },
        "@types/node": {
          "optional": true
        }
      }
    },
    "../node_modules/.pnpm/pinia@2.3.1_typescript@5.9.3_vue@3.5.31_typescript@5.9.3_/node_modules/pinia": {
      "version": "2.3.1",
      "license": "MIT",
      "dependencies": {
        "@vue/devtools-api": "^6.6.3",
        "vue-demi": "^0.14.10"
      },
      "devDependencies": {
        "@microsoft/api-extractor": "7.48.0",
        "@vue/test-utils": "^2.4.6"
      },
      "funding": {
        "url": "https://github.com/sponsors/posva"
      },
      "peerDependencies": {
        "typescript": ">=4.4.4",
        "vue": "^2.7.0 || ^3.5.11"
      },
      "peerDependenciesMeta": {
        "typescript": {
          "optional": true
        }
      }
    },
    "../node_modules/.pnpm/prettier@3.8.1/node_modules/prettier": {
      "version": "3.8.1",
      "dev": true,
      "license": "MIT",
      "bin": {
        "prettier": "bin/prettier.cjs"
      },
      "engines": {
        "node": ">=14"
      },
      "funding": {
        "url": "https://github.com/prettier/prettier?sponsor=1"
      }
    },
    "../node_modules/.pnpm/tailwindcss@3.4.19_tsx@4.21.0_yaml@2.8.3/node_modules/tailwindcss": {
      "version": "3.4.19",
      "dev": true,
      "license": "MIT",
      "dependencies": {
        "@alloc/quick-lru": "^5.2.0",
        "arg": "^5.0.2",
        "chokidar": "^3.6.0",
        "didyoumean": "^1.2.2",
        "dlv": "^1.1.3",
        "fast-glob": "^3.3.2",
        "glob-parent": "^6.0.2",
        "is-glob": "^4.0.3",
        "jiti": "^1.21.7",
        "lilconfig": "^3.1.3",
        "micromatch": "^4.0.8",
        "normalize-path": "^3.0.0",
        "object-hash": "^3.0.0",
        "picocolors": "^1.1.1",
        "postcss": "^8.4.47",
        "postcss-import": "^15.1.0",
        "postcss-js": "^4.0.1",
        "postcss-load-config": "^4.0.2 || ^5.0 || ^6.0",
        "postcss-nested": "^6.2.0",
        "postcss-selector-parser": "^6.1.2",
        "resolve": "^1.22.8",
        "sucrase": "^3.35.0"
      },
      "bin": {
        "tailwind": "lib/cli.js",
        "tailwindcss": "lib/cli.js"
      },
      "devDependencies": {
        "@swc/cli": "0.1.62",
        "@swc/core": "1.3.55",
        "@swc/jest": "0.2.26",
        "@swc/register": "0.1.10",
        "autoprefixer": "^10.4.20",
        "browserslist": "^4.24.0",
        "concurrently": "^8.2.2",
        "cssnano": "^6.1.2",
        "esbuild": "^0.24.0",
        "eslint": "^8.57.1",
        "eslint-config-prettier": "^8.10.0",
        "eslint-plugin-prettier": "^4.2.1",
        "jest": "^29.7.0",
        "jest-diff": "^29.7.0",
        "lightningcss": "1.27.0",
        "prettier": "^2.8.8",
        "rimraf": "^5.0.10",
        "source-map-js": "^1.2.1",
        "turbo": "^1.13.4"
      },
      "engines": {
        "node": ">=14.0.0"
      }
    },
    "../node_modules/.pnpm/typescript@5.9.3/node_modules/typescript": {
      "version": "5.9.3",
      "dev": true,
      "license": "Apache-2.0",
      "bin": {
        "tsc": "bin/tsc",
        "tsserver": "bin/tsserver"
      },
      "devDependencies": {
        "@dprint/formatter": "^0.4.1",
        "@dprint/typescript": "0.93.4",
        "@esfx/canceltoken": "^1.0.0",
        "@eslint/js": "^9.20.0",
        "@octokit/rest": "^21.1.1",
        "@types/chai": "^4.3.20",
        "@types/diff": "^7.0.1",
        "@types/minimist": "^1.2.5",
        "@types/mocha": "^10.0.10",
        "@types/ms": "^0.7.34",
        "@types/node": "latest",
        "@types/source-map-support": "^0.5.10",
        "@types/which": "^3.0.4",
        "@typescript-eslint/rule-tester": "^8.24.1",
        "@typescript-eslint/type-utils": "^8.24.1",
        "@typescript-eslint/utils": "^8.24.1",
        "azure-devops-node-api": "^14.1.0",
        "c8": "^10.1.3",
        "chai": "^4.5.0",
        "chokidar": "^4.0.3",
        "diff": "^7.0.0",
        "dprint": "^0.49.0",
        "esbuild": "^0.25.0",
        "eslint": "^9.20.1",
        "eslint-formatter-autolinkable-stylish": "^1.4.0",
        "eslint-plugin-regexp": "^2.7.0",
        "fast-xml-parser": "^4.5.2",
        "glob": "^10.4.5",
        "globals": "^15.15.0",
        "hereby": "^1.10.0",
        "jsonc-parser": "^3.3.1",
        "knip": "^5.44.4",
        "minimist": "^1.2.8",
        "mocha": "^10.8.2",
        "mocha-fivemat-progress-reporter": "^0.1.0",
        "monocart-coverage-reports": "^2.12.1",
        "ms": "^2.1.3",
        "picocolors": "^1.1.1",
        "playwright": "^1.50.1",
        "source-map-support": "^0.5.21",
        "tslib": "^2.8.1",
        "typescript": "^5.7.3",
        "typescript-eslint": "^8.24.1",
        "which": "^3.0.1"
      },
      "engines": {
        "node": ">=14.17"
      }
    },
    "../node_modules/.pnpm/vitest@3.2.4_@types+node@22.19.15_happy-dom@20.8.8_jiti@2.6.1_terser@5.46.1_tsx@4.21.0_yaml@2.8.3/node_modules/vitest": {
      "version": "3.2.4",
      "dev": true,
      "license": "MIT",
      "dependencies": {
        "@types/chai": "^5.2.2",
        "@vitest/expect": "3.2.4",
        "@vitest/mocker": "3.2.4",
        "@vitest/pretty-format": "^3.2.4",
        "@vitest/runner": "3.2.4",
        "@vitest/snapshot": "3.2.4",
        "@vitest/spy": "3.2.4",
        "@vitest/utils": "3.2.4",
        "chai": "^5.2.0",
        "debug": "^4.4.1",
        "expect-type": "^1.2.1",
        "magic-string": "^0.30.17",
        "pathe": "^2.0.3",
        "picomatch": "^4.0.2",
        "std-env": "^3.9.0",
        "tinybench": "^2.9.0",
        "tinyexec": "^0.3.2",
        "tinyglobby": "^0.2.14",
        "tinypool": "^1.1.1",
        "tinyrainbow": "^2.0.0",
        "vite": "^5.0.0 || ^6.0.0 || ^7.0.0-0",
        "vite-node": "3.2.4",
        "why-is-node-running": "^2.3.0"
      },
      "bin": {
        "vitest": "vitest.mjs"
      },
      "devDependencies": {
        "@ampproject/remapping": "^2.3.0",
        "@antfu/install-pkg": "^1.1.0",
        "@edge-runtime/vm": "^5.0.0",
        "@sinonjs/fake-timers": "14.0.0",
        "@types/debug": "^4.1.12",
        "@types/estree": "^1.0.8",
        "@types/istanbul-lib-coverage": "^2.0.6",
        "@types/istanbul-reports": "^3.0.4",
        "@types/jsdom": "^21.1.7",
        "@types/mime": "^4.0.0",
        "@types/node": "^22.15.32",
        "@types/picomatch": "^4.0.0",
        "@types/prompts": "^2.4.9",
        "@types/sinonjs__fake-timers": "^8.1.5",
        "acorn-walk": "^8.3.4",
        "birpc": "2.4.0",
        "cac": "^6.7.14",
        "chai-subset": "^1.6.0",
        "find-up": "^6.3.0",
        "flatted": "^3.3.3",
        "happy-dom": "^17.6.3",
        "jsdom": "^26.1.0",
        "local-pkg": "^1.1.1",
        "mime": "^4.0.7",
        "pretty-format": "^29.7.0",
        "prompts": "^2.4.2",
        "strip-literal": "^3.0.0",
        "ws": "^8.18.2"
      },
      "engines": {
        "node": "^18.0.0 || ^20.0.0 || >=22.0.0"
      },
      "funding": {
        "url": "https://opencollective.com/vitest"
      },
      "peerDependencies": {
        "@edge-runtime/vm": "*",
        "@types/debug": "^4.1.12",
        "@types/node": "^18.0.0 || ^20.0.0 || >=22.0.0",
        "@vitest/browser": "3.2.4",
        "@vitest/ui": "3.2.4",
        "happy-dom": "*",
        "jsdom": "*"
      },
      "peerDependenciesMeta": {
        "@edge-runtime/vm": {
          "optional": true
        },
        "@types/debug": {
          "optional": true
        },
        "@types/node": {
          "optional": true
        },
        "@vitest/browser": {
          "optional": true
        },
        "@vitest/ui": {
          "optional": true
        },
        "happy-dom": {
          "optional": true
        },
        "jsdom": {
          "optional": true
        }
      }
    },
    "../node_modules/.pnpm/vue-tsc@2.2.12_typescript@5.9.3/node_modules/vue-tsc": {
      "version": "2.2.12",
      "dev": true,
      "license": "MIT",
      "dependencies": {
        "@volar/typescript": "2.4.15",
        "@vue/language-core": "2.2.12"
      },
      "bin": {
        "vue-tsc": "bin/vue-tsc.js"
      },
      "devDependencies": {
        "@types/node": "^22.10.4"
      },
      "peerDependencies": {
        "typescript": ">=5.0.0"
      }
    },
    "../node_modules/.pnpm/vue@3.5.31_typescript@5.9.3/node_modules/vue": {
      "version": "3.5.31",
      "license": "MIT",
      "dependencies": {
        "@vue/compiler-dom": "3.5.31",
        "@vue/compiler-sfc": "3.5.31",
        "@vue/runtime-dom": "3.5.31",
        "@vue/server-renderer": "3.5.31",
        "@vue/shared": "3.5.31"
      },
      "peerDependencies": {
        "typescript": "*"
      },
      "peerDependenciesMeta": {
        "typescript": {
          "optional": true
        }
      }
    },
    "node_modules/@capacitor-community/sqlite": {
      "resolved": "../node_modules/.pnpm/@capacitor-community+sqlite@6.0.2_@capacitor+core@7.6.1/node_modules/@capacitor-community/sqlite",
      "link": true
    },
    "node_modules/@capacitor/android": {
      "resolved": "../node_modules/.pnpm/@capacitor+android@8.3.4_@capacitor+core@7.6.1/node_modules/@capacitor/android",
      "link": true
    },
    "node_modules/@capacitor/app": {
      "resolved": "../node_modules/.pnpm/@capacitor+app@7.1.2_@capacitor+core@7.6.1/node_modules/@capacitor/app",
      "link": true
    },
    "node_modules/@capacitor/camera": {
      "resolved": "../node_modules/.pnpm/@capacitor+camera@7.0.5_@capacitor+core@7.6.1/node_modules/@capacitor/camera",
      "link": true
    },
    "node_modules/@capacitor/cli": {
      "resolved": "../node_modules/.pnpm/@capacitor+cli@7.6.1/node_modules/@capacitor/cli",
      "link": true
    },
    "node_modules/@capacitor/core": {
      "version": "8.3.4",
      "resolved": "https://registry.npmjs.org/@capacitor/core/-/core-8.3.4.tgz",
      "integrity": "sha512-CqRQCkb6HXxcx/N7s+hHTN6ef2CmamFiRMITwm4qB840ph56mS42bzUgn6tKCP+RZjdDweiRHj9ytDDeN6jFag==",
      "license": "MIT",
      "dependencies": {
        "tslib": "^2.1.0"
      }
    },
    "node_modules/@capacitor/filesystem": {
      "resolved": "../node_modules/.pnpm/@capacitor+filesystem@7.1.8_@capacitor+core@7.6.1/node_modules/@capacitor/filesystem",
      "link": true
    },
    "node_modules/@capacitor/ios": {
      "resolved": "../node_modules/.pnpm/@capacitor+ios@8.3.4_@capacitor+core@7.6.1/node_modules/@capacitor/ios",
      "link": true
    },
    "node_modules/@capacitor/network": {
      "resolved": "../node_modules/.pnpm/@capacitor+network@7.0.4_@capacitor+core@7.6.1/node_modules/@capacitor/network",
      "link": true
    },
    "node_modules/@capacitor/share": {
      "resolved": "../node_modules/.pnpm/@capacitor+share@7.0.4_@capacitor+core@7.6.1/node_modules/@capacitor/share",
      "link": true
    },
    "node_modules/@nuxt/eslint": {
      "resolved": "../node_modules/.pnpm/@nuxt+eslint@1.15.2_@typescript-eslint+utils@8.57.2_eslint@9.39.4_jiti@2.6.1__typescript@5.9._7zj5smam4pzma5qkgjmmebzgjm/node_modules/@nuxt/eslint",
      "link": true
    },
    "node_modules/@nuxt/test-utils": {
      "resolved": "../node_modules/.pnpm/@nuxt+test-utils@3.23.0_@vue+test-utils@2.4.6_happy-dom@20.8.8_magicast@0.5.2_typescript@5.9._56qr7ahlh6htqrjyk66pbswkbm/node_modules/@nuxt/test-utils",
      "link": true
    },
    "node_modules/@nuxtjs/tailwindcss": {
      "resolved": "../node_modules/.pnpm/@nuxtjs+tailwindcss@6.14.0_magicast@0.5.2_tsx@4.21.0_yaml@2.8.3/node_modules/@nuxtjs/tailwindcss",
      "link": true
    },
    "node_modules/@pinia/nuxt": {
      "resolved": "../node_modules/.pnpm/@pinia+nuxt@0.9.0_magicast@0.5.2_pinia@2.3.1_typescript@5.9.3_vue@3.5.31_typescript@5.9.3__/node_modules/@pinia/nuxt",
      "link": true
    },
    "node_modules/@pinia/testing": {
      "resolved": "../node_modules/.pnpm/@pinia+testing@1.0.3_pinia@2.3.1_typescript@5.9.3_vue@3.5.31_typescript@5.9.3__/node_modules/@pinia/testing",
      "link": true
    },
    "node_modules/@types/node": {
      "resolved": "../node_modules/.pnpm/@types+node@22.19.15/node_modules/@types/node",
      "link": true
    },
    "node_modules/@vue/test-utils": {
      "resolved": "../node_modules/.pnpm/@vue+test-utils@2.4.6/node_modules/@vue/test-utils",
      "link": true
    },
    "node_modules/@vueuse/core": {
      "resolved": "../node_modules/.pnpm/@vueuse+core@12.8.2_typescript@5.9.3/node_modules/@vueuse/core",
      "link": true
    },
    "node_modules/@vueuse/nuxt": {
      "resolved": "../node_modules/.pnpm/@vueuse+nuxt@12.8.2_magicast@0.5.2_nuxt@4.4.2_@babel+core@7.29.0_@babel+plugin-syntax-jsx@7.2_nwfyomkrgc4ivxyttnx6ebs4y4/node_modules/@vueuse/nuxt",
      "link": true
    },
    "node_modules/capacitor-secure-storage-plugin": {
      "resolved": "../node_modules/.pnpm/capacitor-secure-storage-plugin@0.11.0_@capacitor+core@7.6.1/node_modules/capacitor-secure-storage-plugin",
      "link": true
    },
    "node_modules/eslint": {
      "resolved": "../node_modules/.pnpm/eslint@9.39.4_jiti@2.6.1/node_modules/eslint",
      "link": true
    },
    "node_modules/happy-dom": {
      "resolved": "../node_modules/.pnpm/happy-dom@20.8.8/node_modules/happy-dom",
      "link": true
    },
    "node_modules/nuxt": {
      "resolved": "../node_modules/.pnpm/nuxt@4.4.2_@babel+core@7.29.0_@babel+plugin-syntax-jsx@7.28.6_@babel+core@7.29.0__@parcel+wat_celoyclq2jrlzcds7icifkmajm/node_modules/nuxt",
      "link": true
    },
    "node_modules/pinia": {
      "resolved": "../node_modules/.pnpm/pinia@2.3.1_typescript@5.9.3_vue@3.5.31_typescript@5.9.3_/node_modules/pinia",
      "link": true
    },
    "node_modules/prettier": {
      "resolved": "../node_modules/.pnpm/prettier@3.8.1/node_modules/prettier",
      "link": true
    },
    "node_modules/tailwindcss": {
      "resolved": "../node_modules/.pnpm/tailwindcss@3.4.19_tsx@4.21.0_yaml@2.8.3/node_modules/tailwindcss",
      "link": true
    },
    "node_modules/tslib": {
      "version": "2.8.1",
      "resolved": "https://registry.npmjs.org/tslib/-/tslib-2.8.1.tgz",
      "integrity": "sha512-oJFu94HQb+KVduSUQL7wnpmqnfmLsOA/nAh6b6EH0wCEoK0/mPeXU6c3wKDV83MkOuHPRHtSXKKU99IBazS/2w==",
      "license": "0BSD"
    },
    "node_modules/typescript": {
      "resolved": "../node_modules/.pnpm/typescript@5.9.3/node_modules/typescript",
      "link": true
    },
    "node_modules/vitest": {
      "resolved": "../node_modules/.pnpm/vitest@3.2.4_@types+node@22.19.15_happy-dom@20.8.8_jiti@2.6.1_terser@5.46.1_tsx@4.21.0_yaml@2.8.3/node_modules/vitest",
      "link": true
    },
    "node_modules/vue": {
      "resolved": "../node_modules/.pnpm/vue@3.5.31_typescript@5.9.3/node_modules/vue",
      "link": true
    },
    "node_modules/vue-tsc": {
      "resolved": "../node_modules/.pnpm/vue-tsc@2.2.12_typescript@5.9.3/node_modules/vue-tsc",
      "link": true
    }
  }
}
